
Microsoft Visual Studio Solution File, Format Version 12.00
# Visual Studio 15
VisualStudioVersion = 15.0.26124.0
MinimumVisualStudioVersion = 15.0.26124.0
Project("{FAE04EC0-301F-11D3-BF4B-00C04F79EFBC}") = "Dingo.Cli", "Dingo.Cli\Dingo.Cli.csproj", "{0A84DD7B-B125-41A8-BD71-0DFEC9448676}"
EndProject
Project("{FAE04EC0-301F-11D3-BF4B-00C04F79EFBC}") = "Dingo.Core", "Dingo.Core\Dingo.Core.csproj", "{205BA0BA-7D5D-446F-9267-67920C02AF41}"
EndProject
Project("{FAE04EC0-301F-11D3-BF4B-00C04F79EFBC}") = "Dingo.Core.New", "Dingo.Core.New\Dingo.Core.New.csproj", "{D6313990-94BA-4577-AE0F-3A7DFC90FE8D}"
EndProject
Project("{FAE04EC0-301F-11D3-BF4B-00C04F79EFBC}") = "Dingo.UnitTests.New", "Dingo.UnitTests.New\Dingo.UnitTests.New.csproj", "{23CB14BE-40B6-45D8-9BE4-7764157F1D34}"
EndProject
Project("{FAE04EC0-301F-11D3-BF4B-00C04F79EFBC}") = "Dingo.InfrastructureTests", "Dingo.InfrastructureTests\Dingo.InfrastructureTests.csproj", "{0C7403D7-E9B2-4D6D-B69E-5C6154187EDE}"
EndProject
Project("{2150E333-8FDC-42A3-9474-1A3956D46DE8}") = "Meta", "Meta", "{FED1D811-CB59-4F8B-B867-E67BCEA43F67}"
	ProjectSection(SolutionItems) = preProject
		..\.editorconfig = ..\.editorconfig
		..\.gitignore = ..\.gitignore
		..\LICENSE = ..\LICENSE
		..\README.md = ..\README.md
	EndProjectSection
EndProject
Project("{FAE04EC0-301F-11D3-BF4B-00C04F79EFBC}") = "Dingo.Core.Database", "Dingo.Core.Database\Dingo.Core.Database.csproj", "{41F5ED8F-18B1-41BA-BCA2-D91D1C2B1453}"
EndProject
Global
	GlobalSection(SolutionConfigurationPlatforms) = preSolution
		Debug|Any CPU = Debug|Any CPU
		Debug|x64 = Debug|x64
		Debug|x86 = Debug|x86
		Release|Any CPU = Release|Any CPU
		Release|x64 = Release|x64
		Release|x86 = Release|x86
	EndGlobalSection
	GlobalSection(SolutionProperties) = preSolution
		HideSolutionNode = FALSE
	EndGlobalSection
	GlobalSection(ProjectConfigurationPlatforms) = postSolution
		{0A84DD7B-B125-41A8-BD71-0DFEC9448676}.Debug|Any CPU.ActiveCfg = Debug|Any CPU
		{0A84DD7B-B125-41A8-BD71-0DFEC9448676}.Debug|Any CPU.Build.0 = Debug|Any CPU
		{0A84DD7B-B125-41A8-BD71-0DFEC9448676}.Debug|x64.ActiveCfg = Debug|Any CPU
		{0A84DD7B-B125-41A8-BD71-0DFEC9448676}.Debug|x64.Build.0 = Debug|Any CPU
		{0A84DD7B-B125-41A8-BD71-0DFEC9448676}.Debug|x86.ActiveCfg = Debug|Any CPU
		{0A84DD7B-B125-41A8-BD71-0DFEC9448676}.Debug|x86.Build.0 = Debug|Any CPU
		{0A84DD7B-B125-41A8-BD71-0DFEC9448676}.Release|Any CPU.ActiveCfg = Release|Any CPU
		{0A84DD7B-B125-41A8-BD71-0DFEC9448676}.Release|Any CPU.Build.0 = Release|Any CPU
		{0A84DD7B-B125-41A8-BD71-0DFEC9448676}.Release|x64.ActiveCfg = Release|Any CPU
		{0A84DD7B-B125-41A8-BD71-0DFEC9448676}.Release|x64.Build.0 = Release|Any CPU
		{0A84DD7B-B125-41A8-BD71-0DFEC9448676}.Release|x86.ActiveCfg = Release|Any CPU
		{0A84DD7B-B125-41A8-BD71-0DFEC9448676}.Release|x86.Build.0 = Release|Any CPU
		{205BA0BA-7D5D-446F-9267-67920C02AF41}.Debug|Any CPU.ActiveCfg = Debug|Any CPU
		{205BA0BA-7D5D-446F-9267-67920C02AF41}.Debug|Any CPU.Build.0 = Debug|Any CPU
		{205BA0BA-7D5D-446F-9267-67920C02AF41}.Debug|x64.ActiveCfg = Debug|Any CPU
		{205BA0BA-7D5D-446F-9267-67920C02AF41}.Debug|x64.Build.0 = Debug|Any CPU
		{205BA0BA-7D5D-446F-9267-67920C02AF41}.Debug|x86.ActiveCfg = Debug|Any CPU
		{205BA0BA-7D5D-446F-9267-67920C02AF41}.Debug|x86.Build.0 = Debug|Any CPU
		{205BA0BA-7D5D-446F-9267-67920C02AF41}.Release|Any CPU.ActiveCfg = Release|Any CPU
		{205BA0BA-7D5D-446F-9267-67920C02AF41}.Release|Any CPU.Build.0 = Release|Any CPU
		{205BA0BA-7D5D-446F-9267-67920C02AF41}.Release|x64.ActiveCfg = Release|Any CPU
		{205BA0BA-7D5D-446F-9267-67920C02AF41}.Release|x64.Build.0 = Release|Any CPU
		{205BA0BA-7D5D-446F-9267-67920C02AF41}.Release|x86.ActiveCfg = Release|Any CPU
		{205BA0BA-7D5D-446F-9267-67920C02AF41}.Release|x86.Build.0 = Release|Any CPU
		{D6313990-94BA-4577-AE0F-3A7DFC90FE8D}.Debug|Any CPU.ActiveCfg = Debug|Any CPU
		{D6313990-94BA-4577-AE0F-3A7DFC90FE8D}.Debug|Any CPU.Build.0 = Debug|Any CPU
		{D6313990-94BA-4577-AE0F-3A7DFC90FE8D}.Debug|x64.ActiveCfg = Debug|Any CPU
		{D6313990-94BA-4577-AE0F-3A7DFC90FE8D}.Debug|x64.Build.0 = Debug|Any CPU
		{D6313990-94BA-4577-AE0F-3A7DFC90FE8D}.Debug|x86.ActiveCfg = Debug|Any CPU
		{D6313990-94BA-4577-AE0F-3A7DFC90FE8D}.Debug|x86.Build.0 = Debug|Any CPU
		{D6313990-94BA-4577-AE0F-3A7DFC90FE8D}.Release|Any CPU.ActiveCfg = Release|Any CPU
		{D6313990-94BA-4577-AE0F-3A7DFC90FE8D}.Release|Any CPU.Build.0 = Release|Any CPU
		{D6313990-94BA-4577-AE0F-3A7DFC90FE8D}.Release|x64.ActiveCfg = Release|Any CPU
		{D6313990-94BA-4577-AE0F-3A7DFC90FE8D}.Release|x64.Build.0 = Release|Any CPU
		{D6313990-94BA-4577-AE0F-3A7DFC90FE8D}.Release|x86.ActiveCfg = Release|Any CPU
		{D6313990-94BA-4577-AE0F-3A7DFC90FE8D}.Release|x86.Build.0 = Release|Any CPU
		{23CB14BE-40B6-45D8-9BE4-7764157F1D34}.Debug|Any CPU.ActiveCfg = Debug|Any CPU
		{23CB14BE-40B6-45D8-9BE4-7764157F1D34}.Debug|Any CPU.Build.0 = Debug|Any CPU
		{23CB14BE-40B6-45D8-9BE4-7764157F1D34}.Debug|x64.ActiveCfg = Debug|Any CPU
		{23CB14BE-40B6-45D8-9BE4-7764157F1D34}.Debug|x64.Build.0 = Debug|Any CPU
		{23CB14BE-40B6-45D8-9BE4-7764157F1D34}.Debug|x86.ActiveCfg = Debug|Any CPU
		{23CB14BE-40B6-45D8-9BE4-7764157F1D34}.Debug|x86.Build.0 = Debug|Any CPU
		{23CB14BE-40B6-45D8-9BE4-7764157F1D34}.Release|Any CPU.ActiveCfg = Release|Any CPU
		{23CB14BE-40B6-45D8-9BE4-7764157F1D34}.Release|Any CPU.Build.0 = Release|Any CPU
		{23CB14BE-40B6-45D8-9BE4-7764157F1D34}.Release|x64.ActiveCfg = Release|Any CPU
		{23CB14BE-40B6-45D8-9BE4-7764157F1D34}.Release|x64.Build.0 = Release|Any CPU
		{23CB14BE-40B6-45D8-9BE4-7764157F1D34}.Release|x86.ActiveCfg = Release|Any CPU
		{23CB14BE-40B6-45D8-9BE4-7764157F1D34}.Release|x86.Build.0 = Release|Any CPU
		{0C7403D7-E9B2-4D6D-B69E-5C6154187EDE}.Debug|Any CPU.ActiveCfg = Debug|Any CPU
		{0C7403D7-E9B2-4D6D-B69E-5C6154187EDE}.Debug|Any CPU.Build.0 = Debug|Any CPU
		{0C7403D7-E9B2-4D6D-B69E-5C6154187EDE}.Debug|x64.ActiveCfg = Debug|Any CPU
		{0C7403D7-E9B2-4D6D-B69E-5C6154187EDE}.Debug|x64.Build.0 = Debug|Any CPU
		{0C7403D7-E9B2-4D6D-B69E-5C6154187EDE}.Debug|x86.ActiveCfg = Debug|Any CPU
		{0C7403D7-E9B2-4D6D-B69E-5C6154187EDE}.Debug|x86.Build.0 = Debug|Any CPU
		{0C7403D7-E9B2-4D6D-B69E-5C6154187EDE}.Release|Any CPU.ActiveCfg = Release|Any CPU
		{0C7403D7-E9B2-4D6D-B69E-5C6154187EDE}.Release|Any CPU.Build.0 = Release|Any CPU
		{0C7403D7-E9B2-4D6D-B69E-5C6154187EDE}.Release|x64.ActiveCfg = Release|Any CPU
		{0C7403D7-E9B2-4D6D-B69E-5C6154187EDE}.Release|x64.Build.0 = Release|Any CPU
		{0C7403D7-E9B2-4D6D-B69E-5C6154187EDE}.Release|x86.ActiveCfg = Release|Any CPU
		{0C7403D7-E9B2-4D6D-B69E-5C6154187EDE}.Release|x86.Build.0 = Release|Any CPU
		{41F5ED8F-18B1-41BA-BCA2-D91D1C2B1453}.Debug|Any CPU.ActiveCfg = Debug|Any CPU
		{41F5ED8F-18B1-41BA-BCA2-D91D1C2B1453}.Debug|Any CPU.Build.0 = Debug|Any CPU
		{41F5ED8F-18B1-41BA-BCA2-D91D1C2B1453}.Debug|x64.ActiveCfg = Debug|Any CPU
		{41F5ED8F-18B1-41BA-BCA2-D91D1C2B1453}.Debug|x64.Build.0 = Debug|Any CPU
		{41F5ED8F-18B1-41BA-BCA2-D91D1C2B1453}.Debug|x86.ActiveCfg = Debug|Any CPU
		{41F5ED8F-18B1-41BA-BCA2-D91D1C2B1453}.Debug|x86.Build.0 = Debug|Any CPU
		{41F5ED8F-18B1-41BA-BCA2-D91D1C2B1453}.Release|Any CPU.ActiveCfg = Release|Any CPU
		{41F5ED8F-18B1-41BA-BCA2-D91D1C2B1453}.Release|Any CPU.Build.0 = Release|Any CPU
		{41F5ED8F-18B1-41BA-BCA2-D91D1C2B1453}.Release|x64.ActiveCfg = Release|Any CPU
		{41F5ED8F-18B1-41BA-BCA2-D91D1C2B1453}.Release|x64.Build.0 = Release|Any CPU
		{41F5ED8F-18B1-41BA-BCA2-D91D1C2B1453}.Release|x86.ActiveCfg = Release|Any CPU
		{41F5ED8F-18B1-41BA-BCA2-D91D1C2B1453}.Release|x86.Build.0 = Release|Any CPU
	EndGlobalSection
EndGlobal
